
Microsoft Visual Studio Solution File, Format Version 12.00
# Visual Studio Version 17
VisualStudioVersion = 17.8.34511.84
MinimumVisualStudioVersion = 10.0.40219.1
Project("{FAE04EC0-301F-11D3-BF4B-00C04F79EFBC}") = "Blazor", "Blazor\Blazor.csproj", "{7C3D3866-75A4-44D6-90CD-D549723A736B}"
EndProject
Global
	GlobalSection(SolutionConfigurationPlatforms) = preSolution
		Debug|Any CPU = Debug|Any CPU
		Release|Any CPU = Release|Any CPU
	EndGlobalSection
	GlobalSection(ProjectConfigurationPlatforms) = postSolution
		{7C3D3866-75A4-44D6-90CD-D549723A736B}.Debug|Any CPU.ActiveCfg = Debug|Any CPU
		{7C3D3866-75A4-44D6-90CD-D549723A736B}.Debug|Any CPU.Build.0 = Debug|Any CPU
		{7C3D3866-75A4-44D6-90CD-D549723A736B}.Release|Any CPU.ActiveCfg = Release|Any CPU
		{7C3D3866-75A4-44D6-90CD-D549723A736B}.Release|Any CPU.Build.0 = Release|Any CPU
	EndGlobalSection
	GlobalSection(SolutionProperties) = preSolution
		HideSolutionNode = FALSE
	EndGlobalSection
	GlobalSection(ExtensibilityGlobals) = postSolution
		SolutionGuid = {18EFBBC1-0A72-44FC-B7BA-BCC0CCB0678E}
	EndGlobalSection
EndGlobal
